
Microsoft Visual Studio Solution File, Format Version 12.00
# Visual Studio Version 16
VisualStudioVersion = 16.0.29509.3
MinimumVisualStudioVersion = 10.0.40219.1
Project("{FAE04EC0-301F-11D3-BF4B-00C04F79EFBC}") = "Python.Runtime.Native", "src\Python.Runtime.Native.csproj", "{23968DBE-B52A-4529-AE40-5C8098A050FA}"
EndProject
Project("{FAE04EC0-301F-11D3-BF4B-00C04F79EFBC}") = "Python.Runtime.Native.PerformanceTests", "tests\perf\Python.Runtime.Native.PerformanceTests.csproj", "{41837032-5D62-4D69-AE0E-F4DD2C4A66FA}"
EndProject
Global
	GlobalSection(SolutionConfigurationPlatforms) = preSolution
		Debug|Any CPU = Debug|Any CPU
		Release|Any CPU = Release|Any CPU
	EndGlobalSection
	GlobalSection(ProjectConfigurationPlatforms) = postSolution
		{23968DBE-B52A-4529-AE40-5C8098A050FA}.Debug|Any CPU.ActiveCfg = Debug|Any CPU
		{23968DBE-B52A-4529-AE40-5C8098A050FA}.Debug|Any CPU.Build.0 = Debug|Any CPU
		{23968DBE-B52A-4529-AE40-5C8098A050FA}.Release|Any CPU.ActiveCfg = Release|Any CPU
		{23968DBE-B52A-4529-AE40-5C8098A050FA}.Release|Any CPU.Build.0 = Release|Any CPU
		{41837032-5D62-4D69-AE0E-F4DD2C4A66FA}.Debug|Any CPU.ActiveCfg = Debug|Any CPU
		{41837032-5D62-4D69-AE0E-F4DD2C4A66FA}.Debug|Any CPU.Build.0 = Debug|Any CPU
		{41837032-5D62-4D69-AE0E-F4DD2C4A66FA}.Release|Any CPU.ActiveCfg = Release|Any CPU
		{41837032-5D62-4D69-AE0E-F4DD2C4A66FA}.Release|Any CPU.Build.0 = Release|Any CPU
	EndGlobalSection
	GlobalSection(SolutionProperties) = preSolution
		HideSolutionNode = FALSE
	EndGlobalSection
	GlobalSection(ExtensibilityGlobals) = postSolution
		SolutionGuid = {E9A0B44E-2F62-45CD-87C0-E9607D7A370E}
	EndGlobalSection
EndGlobal
